Microsoft Visual Studio Solution File, Format Version 12.00
# Visual Studio Version 17
VisualStudioVersion = 17.5.2.0
MinimumVisualStudioVersion = 10.0.40219.1
Project("{FAE04EC0-301F-11D3-BF4B-00C04F79EFBC}") = "OsuTag", "OsuTag.csproj", "{4D5A92AE-68BD-77B2-78F0-13ECF9F7ADFA}"
EndProject
Global
	GlobalSection(SolutionConfigurationPlatforms) = preSolution
		Debug|Any CPU = Debug|Any CPU
		Release|Any CPU = Release|Any CPU
	EndGlobalSection
	GlobalSection(ProjectConfigurationPlatforms) = postSolution
		{4D5A92AE-68BD-77B2-78F0-13ECF9F7ADFA}.Debug|Any CPU.ActiveCfg = Debug|Any CPU
		{4D5A92AE-68BD-77B2-78F0-13ECF9F7ADFA}.Debug|Any CPU.Build.0 = Debug|Any CPU
		{4D5A92AE-68BD-77B2-78F0-13ECF9F7ADFA}.Release|Any CPU.ActiveCfg = Release|Any CPU
		{4D5A92AE-68BD-77B2-78F0-13ECF9F7ADFA}.Release|Any CPU.Build.0 = Release|Any CPU
	EndGlobalSection
	GlobalSection(SolutionProperties) = preSolution
		HideSolutionNode = FALSE
	EndGlobalSection
	GlobalSection(ExtensibilityGlobals) = postSolution
		SolutionGuid = {0FC0ACCF-10C6-45AE-B848-74BAD6453B50}
	EndGlobalSection
EndGlobal
